
Microsoft Visual Studio Solution File, Format Version 12.00
# Visual Studio 15
VisualStudioVersion = 15.0.27701.1
MinimumVisualStudioVersion = 10.0.40219.1
Project("{9A19103F-16F7-4668-BE54-9A1E7A4F7556}") = "SpanCsv", "SpanCsv\SpanCsv.csproj", "{7D2EE14C-D8AC-422F-8A6E-34AC6D62560E}"
EndProject
Project("{9A19103F-16F7-4668-BE54-9A1E7A4F7556}") = "SpanCsvTest", "SpanCsvTest\SpanCsvTest.csproj", "{1338EA9F-E259-4FD9-892A-8C1B6C77E458}"
EndProject
Global
	GlobalSection(SolutionConfigurationPlatforms) = preSolution
		Debug|Any CPU = Debug|Any CPU
		Release|Any CPU = Release|Any CPU
	EndGlobalSection
	GlobalSection(ProjectConfigurationPlatforms) = postSolution
		{7D2EE14C-D8AC-422F-8A6E-34AC6D62560E}.Debug|Any CPU.ActiveCfg = Debug|Any CPU
		{7D2EE14C-D8AC-422F-8A6E-34AC6D62560E}.Debug|Any CPU.Build.0 = Debug|Any CPU
		{7D2EE14C-D8AC-422F-8A6E-34AC6D62560E}.Release|Any CPU.ActiveCfg = Release|Any CPU
		{7D2EE14C-D8AC-422F-8A6E-34AC6D62560E}.Release|Any CPU.Build.0 = Release|Any CPU
		{1338EA9F-E259-4FD9-892A-8C1B6C77E458}.Debug|Any CPU.ActiveCfg = Debug|Any CPU
		{1338EA9F-E259-4FD9-892A-8C1B6C77E458}.Debug|Any CPU.Build.0 = Debug|Any CPU
		{1338EA9F-E259-4FD9-892A-8C1B6C77E458}.Release|Any CPU.ActiveCfg = Release|Any CPU
		{1338EA9F-E259-4FD9-892A-8C1B6C77E458}.Release|Any CPU.Build.0 = Release|Any CPU
	EndGlobalSection
	GlobalSection(SolutionProperties) = preSolution
		HideSolutionNode = FALSE
	EndGlobalSection
	GlobalSection(ExtensibilityGlobals) = postSolution
		SolutionGuid = {BA2C978C-E13D-43D8-86E0-E9645D019FA0}
	EndGlobalSection
EndGlobal
